
Microsoft Visual Studio Solution File, Format Version 12.00
# Visual Studio Version 16
VisualStudioVersion = 16.0.32602.291
MinimumVisualStudioVersion = 10.0.40219.1
Project("{FAE04EC0-301F-11D3-BF4B-00C04F79EFBC}") = "EliasEvrard5TI_421", "EliasEvrard5TI_421\EliasEvrard5TI_421.csproj", "{B803371C-6BD8-4B21-9E03-AABB2ACD1BEB}"
EndProject
Global
	GlobalSection(SolutionConfigurationPlatforms) = preSolution
		Debug|Any CPU = Debug|Any CPU
		Release|Any CPU = Release|Any CPU
	EndGlobalSection
	GlobalSection(ProjectConfigurationPlatforms) = postSolution
		{B803371C-6BD8-4B21-9E03-AABB2ACD1BEB}.Debug|Any CPU.ActiveCfg = Debug|Any CPU
		{B803371C-6BD8-4B21-9E03-AABB2ACD1BEB}.Debug|Any CPU.Build.0 = Debug|Any CPU
		{B803371C-6BD8-4B21-9E03-AABB2ACD1BEB}.Release|Any CPU.ActiveCfg = Release|Any CPU
		{B803371C-6BD8-4B21-9E03-AABB2ACD1BEB}.Release|Any CPU.Build.0 = Release|Any CPU
	EndGlobalSection
	GlobalSection(SolutionProperties) = preSolution
		HideSolutionNode = FALSE
	EndGlobalSection
	GlobalSection(ExtensibilityGlobals) = postSolution
		SolutionGuid = {7312DD35-3343-4084-98DA-5DE86C931F09}
	EndGlobalSection
EndGlobal
